
Microsoft Visual Studio Solution File, Format Version 12.00
# Visual Studio Version 16
VisualStudioVersion = 16.0.31025.194
MinimumVisualStudioVersion = 10.0.40219.1
Project("{FAE04EC0-301F-11D3-BF4B-00C04F79EFBC}") = "runexebat", "runexebat\runexebat.csproj", "{DDD4C192-D760-45A6-9D1A-DEFBA0BCDBA5}"
EndProject
Global
	GlobalSection(SolutionConfigurationPlatforms) = preSolution
		Debug|Any CPU = Debug|Any CPU
		Debug|x64 = Debug|x64
		Release|Any CPU = Release|Any CPU
		Release|x64 = Release|x64
	EndGlobalSection
	GlobalSection(ProjectConfigurationPlatforms) = postSolution
		{DDD4C192-D760-45A6-9D1A-DEFBA0BCDBA5}.Debug|Any CPU.ActiveCfg = Debug|Any CPU
		{DDD4C192-D760-45A6-9D1A-DEFBA0BCDBA5}.Debug|Any CPU.Build.0 = Debug|Any CPU
		{DDD4C192-D760-45A6-9D1A-DEFBA0BCDBA5}.Debug|x64.ActiveCfg = Debug|x64
		{DDD4C192-D760-45A6-9D1A-DEFBA0BCDBA5}.Debug|x64.Build.0 = Debug|x64
		{DDD4C192-D760-45A6-9D1A-DEFBA0BCDBA5}.Release|Any CPU.ActiveCfg = Release|Any CPU
		{DDD4C192-D760-45A6-9D1A-DEFBA0BCDBA5}.Release|Any CPU.Build.0 = Release|Any CPU
		{DDD4C192-D760-45A6-9D1A-DEFBA0BCDBA5}.Release|x64.ActiveCfg = Release|x64
		{DDD4C192-D760-45A6-9D1A-DEFBA0BCDBA5}.Release|x64.Build.0 = Release|x64
	EndGlobalSection
	GlobalSection(SolutionProperties) = preSolution
		HideSolutionNode = FALSE
	EndGlobalSection
	GlobalSection(ExtensibilityGlobals) = postSolution
		SolutionGuid = {B19FC568-2655-401F-B8ED-CE9FAEEE5C8C}
	EndGlobalSection
EndGlobal
